{
  "lockfileVersion": 1,
  "workspaces": {
    "": {
      "name": "starter-template",
      "dependencies": {
        "node-appwrite": "^14.1.0",
      },
      "devDependencies": {
        "prettier": "^3.2.5",
      },
    },
  },
  "packages": {
    "node-appwrite": ["node-appwrite@14.1.0", "", { "dependencies": { "node-fetch-native-with-agent": "1.7.2" } }, "sha512-kuKAZrdaAcGYOMUXtxNb1j+uIy+FIMiiU1dFkgwTXLsMLeLvC6HJ8/FH/kN9JyrWR2a2zcGN7gWfyQgWYoLMTA=="],

    "node-fetch-native-with-agent": ["node-fetch-native-with-agent@1.7.2", "", {}, "sha512-5MaOOCuJEvcckoz7/tjdx1M6OusOY6Xc5f459IaruGStWnKzlI1qpNgaAwmn4LmFYcsSlj+jBMk84wmmRxfk5g=="],

    "prettier": ["prettier@3.2.5", "", { "bin": "bin/prettier.cjs" }, "sha512-3/GWa9aOC0YeD7LUfvOG2NiDyhOWRvt1k+rcKhOuYnMY24iiCphgneUfJDyFXd6rZCAnuLBv6UeAULtrhT/F4A=="],
  }
}
